// !$*UTF8*$!
{
	archiveVersion = 1;
	classes = {
	};
	objectVersion = 56;
	objects = {

/* Begin PBXBuildFile section */
		14451E6F29E9E4E400AA7D6A /* SwiftUIMapAppApp.swift in Sources */ = {isa = PBXBuildFile; fileRef = 14451E6E29E9E4E400AA7D6A /* SwiftUIMapAppApp.swift */; };
		14451E7129E9E4E400AA7D6A /* ContentView.swift in Sources */ = {isa = PBXBuildFile; fileRef = 14451E7029E9E4E400AA7D6A /* ContentView.swift */; };
		14451E7629E9E4E600AA7D6A /* Preview Assets.xcassets in Resources */ = {isa = PBXBuildFile; fileRef = 14451E7529E9E4E600AA7D6A /* Preview Assets.xcassets */; };
		14451E7D29E9E57500AA7D6A /* Assets.xcassets in Resources */ = {isa = PBXBuildFile; fileRef = 14451E7C29E9E57500AA7D6A /* Assets.xcassets */; };
		14451E8229E9E62A00AA7D6A /* Location.swift in Sources */ = {isa = PBXBuildFile; fileRef = 14451E8129E9E62A00AA7D6A /* Location.swift */; };
		14451E8529E9E78000AA7D6A /* LocationsDataService.swift in Sources */ = {isa = PBXBuildFile; fileRef = 14451E8429E9E78000AA7D6A /* LocationsDataService.swift */; };
		14451E8729E9E92F00AA7D6A /* LocationsView.swift in Sources */ = {isa = PBXBuildFile; fileRef = 14451E8629E9E92F00AA7D6A /* LocationsView.swift */; };
		14451E8929EA0F0F00AA7D6A /* LocationsViewModel.swift in Sources */ = {isa = PBXBuildFile; fileRef = 14451E8829EA0F0F00AA7D6A /* LocationsViewModel.swift */; };
/* End PBXBuildFile section */

/* Begin PBXFileReference section */
		14451E6B29E9E4E400AA7D6A /* SwiftUIMapApp.app */ = {isa = PBXFileReference; explicitFileType = wrapper.application; includeInIndex = 0; path = SwiftUIMapApp.app; sourceTree = BUILT_PRODUCTS_DIR; };
		14451E6E29E9E4E400AA7D6A /* SwiftUIMapAppApp.swift */ = {isa = PBXFileReference; lastKnownFileType = sourcecode.swift; path = SwiftUIMapAppApp.swift; sourceTree = "<group>"; };
		14451E7029E9E4E400AA7D6A /* ContentView.swift */ = {isa = PBXFileReference; lastKnownFileType = sourcecode.swift; path = ContentView.swift; sourceTree = "<group>"; };
		14451E7529E9E4E600AA7D6A /* Preview Assets.xcassets */ = {isa = PBXFileReference; lastKnownFileType = folder.assetcatalog; path = "Preview Assets.xcassets"; sourceTree = "<group>"; };
		14451E7C29E9E57500AA7D6A /* Assets.xcassets */ = {isa = PBXFileReference; lastKnownFileType = folder.assetcatalog; path = Assets.xcassets; sourceTree = "<group>"; };
		14451E8129E9E62A00AA7D6A /* Location.swift */ = {isa = PBXFileReference; lastKnownFileType = sourcecode.swift; path = Location.swift; sourceTree = "<group>"; };
		14451E8429E9E78000AA7D6A /* LocationsDataService.swift */ = {isa = PBXFileReference; fileEncoding = 4; lastKnownFileType = sourcecode.swift; path = LocationsDataService.swift; sourceTree = "<group>"; };
		14451E8629E9E92F00AA7D6A /* LocationsView.swift */ = {isa = PBXFileReference; lastKnownFileType = sourcecode.swift; path = LocationsView.swift; sourceTree = "<group>"; };
		14451E8829EA0F0F00AA7D6A /* LocationsViewModel.swift */ = {isa = PBXFileReference; lastKnownFileType = sourcecode.swift; path = LocationsViewModel.swift; sourceTree = "<group>"; };
/* End PBXFileReference section */

/* Begin PBXFrameworksBuildPhase section */
		14451E6829E9E4E400AA7D6A /* Frameworks */ = {
			isa = PBXFrameworksBuildPhase;
			buildActionMask = 2147483647;
			files = (
			);
			runOnlyForDeploymentPostprocessing = 0;
		};
/* End PBXFrameworksBuildPhase section */

/* Begin PBXGroup section */
		14451E6229E9E4E400AA7D6A = {
			isa = PBXGroup;
			children = (
				14451E6D29E9E4E400AA7D6A /* SwiftUIMapApp */,
				14451E6C29E9E4E400AA7D6A /* Products */,
			);
			sourceTree = "<group>";
		};
		14451E6C29E9E4E400AA7D6A /* Products */ = {
			isa = PBXGroup;
			children = (
				14451E6B29E9E4E400AA7D6A /* SwiftUIMapApp.app */,
			);
			name = Products;
			sourceTree = "<group>";
		};
		14451E6D29E9E4E400AA7D6A /* SwiftUIMapApp */ = {
			isa = PBXGroup;
			children = (
				14451E6E29E9E4E400AA7D6A /* SwiftUIMapAppApp.swift */,
				14451E7029E9E4E400AA7D6A /* ContentView.swift */,
				14451E8329E9E75B00AA7D6A /* DataService */,
				14451E8029E9E60E00AA7D6A /* Views */,
				14451E7F29E9E60500AA7D6A /* ViewModels */,
				14451E7E29E9E5F900AA7D6A /* Models */,
				14451E7C29E9E57500AA7D6A /* Assets.xcassets */,
				14451E7429E9E4E600AA7D6A /* Preview Content */,
			);
			path = SwiftUIMapApp;
			sourceTree = "<group>";
		};
		14451E7429E9E4E600AA7D6A /* Preview Content */ = {
			isa = PBXGroup;
			children = (
				14451E7529E9E4E600AA7D6A /* Preview Assets.xcassets */,
			);
			path = "Preview Content";
			sourceTree = "<group>";
		};
		14451E7E29E9E5F900AA7D6A /* Models */ = {
			isa = PBXGroup;
			children = (
				14451E8129E9E62A00AA7D6A /* Location.swift */,
			);
			path = Models;
			sourceTree = "<group>";
		};
		14451E7F29E9E60500AA7D6A /* ViewModels */ = {
			isa = PBXGroup;
			children = (
				14451E8829EA0F0F00AA7D6A /* LocationsViewModel.swift */,
			);
			path = ViewModels;
			sourceTree = "<group>";
		};
		14451E8029E9E60E00AA7D6A /* Views */ = {
			isa = PBXGroup;
			children = (
				14451E8629E9E92F00AA7D6A /* LocationsView.swift */,
			);
			path = Views;
			sourceTree = "<group>";
		};
		14451E8329E9E75B00AA7D6A /* DataService */ = {
			isa = PBXGroup;
			children = (
				14451E8429E9E78000AA7D6A /* LocationsDataService.swift */,
			);
			path = DataService;
			sourceTree = "<group>";
		};
/* End PBXGroup section */

/* Begin PBXNativeTarget section */
		14451E6A29E9E4E400AA7D6A /* SwiftUIMapApp */ = {
			isa = PBXNativeTarget;
			buildConfigurationList = 14451E7929E9E4E600AA7D6A /* Build configuration list for PBXNativeTarget "SwiftUIMapApp" */;
			buildPhases = (
				14451E6729E9E4E400AA7D6A /* Sources */,
				14451E6829E9E4E400AA7D6A /* Frameworks */,
				14451E6929E9E4E400AA7D6A /* Resources */,
			);
			buildRules = (
			);
			dependencies = (
			);
			name = SwiftUIMapApp;
			productName = SwiftUIMapApp;
			productReference = 14451E6B29E9E4E400AA7D6A /* SwiftUIMapApp.app */;
			productType = "com.apple.product-type.application";
		};
/* End PBXNativeTarget section */

/* Begin PBXProject section */
		14451E6329E9E4E400AA7D6A /* Project object */ = {
			isa = PBXProject;
			attributes = {
				BuildIndependentTargetsInParallel = 1;
				LastSwiftUpdateCheck = 1420;
				LastUpgradeCheck = 1420;
				TargetAttributes = {
					14451E6A29E9E4E400AA7D6A = {
						CreatedOnToolsVersion = 14.2;
					};
				};
			};
			buildConfigurationList = 14451E6629E9E4E400AA7D6A /* Build configuration list for PBXProject "SwiftUIMapApp" */;
			compatibilityVersion = "Xcode 14.0";
			developmentRegion = en;
			hasScannedForEncodings = 0;
			knownRegions = (
				en,
				Base,
			);
			mainGroup = 14451E6229E9E4E400AA7D6A;
			productRefGroup = 14451E6C29E9E4E400AA7D6A /* Products */;
			projectDirPath = "";
			projectRoot = "";
			targets = (
				14451E6A29E9E4E400AA7D6A /* SwiftUIMapApp */,
			);
		};
/* End PBXProject section */

/* Begin PBXResourcesBuildPhase section */
		14451E6929E9E4E400AA7D6A /* Resources */ = {
			isa = PBXResourcesBuildPhase;
			buildActionMask = 2147483647;
			files = (
				14451E7D29E9E57500AA7D6A /* Assets.xcassets in Resources */,
				14451E7629E9E4E600AA7D6A /* Preview Assets.xcassets in Resources */,
			);
			runOnlyForDeploymentPostprocessing = 0;
		};
/* End PBXResourcesBuildPhase section */

/* Begin PBXSourcesBuildPhase section */
		14451E6729E9E4E400AA7D6A /* Sources */ = {
			isa = PBXSourcesBuildPhase;
			buildActionMask = 2147483647;
			files = (
				14451E8529E9E78000AA7D6A /* LocationsDataService.swift in Sources */,
				14451E8929EA0F0F00AA7D6A /* LocationsViewModel.swift in Sources */,
				14451E7129E9E4E400AA7D6A /* ContentView.swift in Sources */,
				14451E8729E9E92F00AA7D6A /* LocationsView.swift in Sources */,
				14451E8229E9E62A00AA7D6A /* Location.swift in Sources */,
				14451E6F29E9E4E400AA7D6A /* SwiftUIMapAppApp.swift in Sources */,
			);
			runOnlyForDeploymentPostprocessing = 0;
		};
/* End PBXSourcesBuildPhase section */

/* Begin XCBuildConfiguration section */
		14451E7729E9E4E600AA7D6A /* Debug */ = {
			isa = XCBuildConfiguration;
			buildSettings = {
				ALWAYS_SEARCH_USER_PATHS = NO;
				CLANG_ANALYZER_NONNULL = YES;
				CLANG_ANALYZER_NUMBER_OBJECT_CONVERSION = YES_AGGRESSIVE;
				CLANG_CXX_LANGUAGE_STANDARD = "gnu++20";
				CLANG_ENABLE_MODULES = YES;
				CLANG_ENABLE_OBJC_ARC = YES;
				CLANG_ENABLE_OBJC_WEAK = YES;
				CLANG_WARN_BLOCK_CAPTURE_AUTORELEASING = YES;
				CLANG_WARN_BOOL_CONVERSION = YES;
				CLANG_WARN_COMMA = YES;
				CLANG_WARN_CONSTANT_CONVERSION = YES;
				CLANG_WARN_DEPRECATED_OBJC_IMPLEMENTATIONS = YES;
				CLANG_WARN_DIRECT_OBJC_ISA_USAGE = YES_ERROR;
				CLANG_WARN_DOCUMENTATION_COMMENTS = YES;
				CLANG_WARN_EMPTY_BODY = YES;
				CLANG_WARN_ENUM_CONVERSION = YES;
				CLANG_WARN_INFINITE_RECURSION = YES;
				CLANG_WARN_INT_CONVERSION = YES;
				CLANG_WARN_NON_LITERAL_NULL_CONVERSION = YES;
				CLANG_WARN_OBJC_IMPLICIT_RETAIN_SELF = YES;
				CLANG_WARN_OBJC_LITERAL_CONVERSION = YES;
				CLANG_WARN_OBJC_ROOT_CLASS = YES_ERROR;
				CLANG_WARN_QUOTED_INCLUDE_IN_FRAMEWORK_HEADER = YES;
				CLANG_WARN_RANGE_LOOP_ANALYSIS = YES;
				CLANG_WARN_STRICT_PROTOTYPES = YES;
				CLANG_WARN_SUSPICIOUS_MOVE = YES;
				CLANG_WARN_UNGUARDED_AVAILABILITY = YES_AGGRESSIVE;
				CLANG_WARN_UNREACHABLE_CODE = YES;
				CLANG_WARN__DUPLICATE_METHOD_MATCH = YES;
				COPY_PHASE_STRIP = NO;
				DEBUG_INFORMATION_FORMAT = dwarf;
				ENABLE_STRICT_OBJC_MSGSEND = YES;
				ENABLE_TESTABILITY = YES;
				GCC_C_LANGUAGE_STANDARD = gnu11;
				GCC_DYNAMIC_NO_PIC = NO;
				GCC_NO_COMMON_BLOCKS = YES;
				GCC_OPTIMIZATION_LEVEL = 0;
				GCC_PREPROCESSOR_DEFINITIONS = (
					"DEBUG=1",
					"$(inherited)",
				);
				GCC_WARN_64_TO_32_BIT_CONVERSION = YES;
				GCC_WARN_ABOUT_RETURN_TYPE = YES_ERROR;
				GCC_WARN_UNDECLARED_SELECTOR = YES;
				GCC_WARN_UNINITIALIZED_AUTOS = YES_AGGRESSIVE;
				GCC_WARN_UNUSED_FUNCTION = YES;
				GCC_WARN_UNUSED_VARIABLE = YES;
				IPHONEOS_DEPLOYMENT_TARGET = 16.2;
				MTL_ENABLE_DEBUG_INFO = INCLUDE_SOURCE;
				MTL_FAST_MATH = YES;
				ONLY_ACTIVE_ARCH = YES;
				SDKROOT = iphoneos;
				SWIFT_ACTIVE_COMPILATION_CONDITIONS = DEBUG;
				SWIFT_OPTIMIZATION_LEVEL = "-Onone";
			};
			name = Debug;
		};
		14451E7829E9E4E600AA7D6A /* Release */ = {
			isa = XCBuildConfiguration;
			buildSettings = {
				ALWAYS_SEARCH_USER_PATHS = NO;
				CLANG_ANALYZER_NONNULL = YES;
				CLANG_ANALYZER_NUMBER_OBJECT_CONVERSION = YES_AGGRESSIVE;
				CLANG_CXX_LANGUAGE_STANDARD = "gnu++20";
				CLANG_ENABLE_MODULES = YES;
				CLANG_ENABLE_OBJC_ARC = YES;
				CLANG_ENABLE_OBJC_WEAK = YES;
				CLANG_WARN_BLOCK_CAPTURE_AUTORELEASING = YES;
				CLANG_WARN_BOOL_CONVERSION = YES;
				CLANG_WARN_COMMA = YES;
				CLANG_WARN_CONSTANT_CONVERSION = YES;
				CLANG_WARN_DEPRECATED_OBJC_IMPLEMENTATIONS = YES;
				CLANG_WARN_DIRECT_OBJC_ISA_USAGE = YES_ERROR;
				CLANG_WARN_DOCUMENTATION_COMMENTS = YES;
				CLANG_WARN_EMPTY_BODY = YES;
				CLANG_WARN_ENUM_CONVERSION = YES;
				CLANG_WARN_INFINITE_RECURSION = YES;
				CLANG_WARN_INT_CONVERSION = YES;
				CLANG_WARN_NON_LITERAL_NULL_CONVERSION = YES;
				CLANG_WARN_OBJC_IMPLICIT_RETAIN_SELF = YES;
				CLANG_WARN_OBJC_LITERAL_CONVERSION = YES;
				CLANG_WARN_OBJC_ROOT_CLASS = YES_ERROR;
				CLANG_WARN_QUOTED_INCLUDE_IN_FRAMEWORK_HEADER = YES;
				CLANG_WARN_RANGE_LOOP_ANALYSIS = YES;
				CLANG_WARN_STRICT_PROTOTYPES = YES;
				CLANG_WARN_SUSPICIOUS_MOVE = YES;
				CLANG_WARN_UNGUARDED_AVAILABILITY = YES_AGGRESSIVE;
				CLANG_WARN_UNREACHABLE_CODE = YES;
				CLANG_WARN__DUPLICATE_METHOD_MATCH = YES;
				COPY_PHASE_STRIP = NO;
				DEBUG_INFORMATION_FORMAT = "dwarf-with-dsym";
				ENABLE_NS_ASSERTIONS = NO;
				ENABLE_STRICT_OBJC_MSGSEND = YES;
				GCC_C_LANGUAGE_STANDARD = gnu11;
				GCC_NO_COMMON_BLOCKS = YES;
				GCC_WARN_64_TO_32_BIT_CONVERSION = YES;
				GCC_WARN_ABOUT_RETURN_TYPE = YES_ERROR;
				GCC_WARN_UNDECLARED_SELECTOR = YES;
				GCC_WARN_UNINITIALIZED_AUTOS = YES_AGGRESSIVE;
				GCC_WARN_UNUSED_FUNCTION = YES;
				GCC_WARN_UNUSED_VARIABLE = YES;
				IPHONEOS_DEPLOYMENT_TARGET = 16.2;
				MTL_ENABLE_DEBUG_INFO = NO;
				MTL_FAST_MATH = YES;
				SDKROOT = iphoneos;
				SWIFT_COMPILATION_MODE = wholemodule;
				SWIFT_OPTIMIZATION_LEVEL = "-O";
				VALIDATE_PRODUCT = YES;
			};
			name = Release;
		};
		14451E7A29E9E4E600AA7D6A /* Debug */ = {
			isa = XCBuildConfiguration;
			buildSettings = {
				ASSETCATALOG_COMPILER_APPICON_NAME = AppIcon;
				ASSETCATALOG_COMPILER_GLOBAL_ACCENT_COLOR_NAME = AccentColor;
				CODE_SIGN_STYLE = Automatic;
				CURRENT_PROJECT_VERSION = 1;
				DEVELOPMENT_ASSET_PATHS = "\"SwiftUIMapApp/Preview Content\"";
				DEVELOPMENT_TEAM = H3XRC65AH9;
				ENABLE_PREVIEWS = YES;
				GENERATE_INFOPLIST_FILE = YES;
				INFOPLIST_KEY_UIApplicationSceneManifest_Generation = YES;
				INFOPLIST_KEY_UIApplicationSupportsIndirectInputEvents = YES;
				INFOPLIST_KEY_UILaunchScreen_Generation = YES;
				INFOPLIST_KEY_UISupportedInterfaceOrientations_iPad = "UIInterfaceOrientationPortrait UIInterfaceOrientationPortraitUpsideDown UIInterfaceOrientationLandscapeLeft UIInterfaceOrientationLandscapeRight";
				INFOPLIST_KEY_UISupportedInterfaceOrientations_iPhone = "UIInterfaceOrientationPortrait UIInterfaceOrientationLandscapeLeft UIInterfaceOrientationLandscapeRight";
				LD_RUNPATH_SEARCH_PATHS = (
					"$(inherited)",
					"@executable_path/Frameworks",
				);
				MARKETING_VERSION = 1.0;
				PRODUCT_BUNDLE_IDENTIFIER = com..SwiftUIMapApp;
				PRODUCT_NAME = "$(TARGET_NAME)";
				SWIFT_EMIT_LOC_STRINGS = YES;
				SWIFT_VERSION = 5.0;
				TARGETED_DEVICE_FAMILY = "1,2";
			};
			name = Debug;
		};
		14451E7B29E9E4E600AA7D6A /* Release */ = {
			isa = XCBuildConfiguration;
			buildSettings = {
				ASSETCATALOG_COMPILER_APPICON_NAME = AppIcon;
				ASSETCATALOG_COMPILER_GLOBAL_ACCENT_COLOR_NAME = AccentColor;
				CODE_SIGN_STYLE = Automatic;
				CURRENT_PROJECT_VERSION = 1;
				DEVELOPMENT_ASSET_PATHS = "\"SwiftUIMapApp/Preview Content\"";
				DEVELOPMENT_TEAM = H3XRC65AH9;
				ENABLE_PREVIEWS = YES;
				GENERATE_INFOPLIST_FILE = YES;
				INFOPLIST_KEY_UIApplicationSceneManifest_Generation = YES;
				INFOPLIST_KEY_UIApplicationSupportsIndirectInputEvents = YES;
				INFOPLIST_KEY_UILaunchScreen_Generation = YES;
				INFOPLIST_KEY_UISupportedInterfaceOrientations_iPad = "UIInterfaceOrientationPortrait UIInterfaceOrientationPortraitUpsideDown UIInterfaceOrientationLandscapeLeft UIInterfaceOrientationLandscapeRight";
				INFOPLIST_KEY_UISupportedInterfaceOrientations_iPhone = "UIInterfaceOrientationPortrait UIInterfaceOrientationLandscapeLeft UIInterfaceOrientationLandscapeRight";
				LD_RUNPATH_SEARCH_PATHS = (
					"$(inherited)",
					"@executable_path/Frameworks",
				);
				MARKETING_VERSION = 1.0;
				PRODUCT_BUNDLE_IDENTIFIER = com..SwiftUIMapApp;
				PRODUCT_NAME = "$(TARGET_NAME)";
				SWIFT_EMIT_LOC_STRINGS = YES;
				SWIFT_VERSION = 5.0;
				TARGETED_DEVICE_FAMILY = "1,2";
			};
			name = Release;
		};
/* End XCBuildConfiguration section */

/* Begin XCConfigurationList section */
		14451E6629E9E4E400AA7D6A /* Build configuration list for PBXProject "SwiftUIMapApp" */ = {
			isa = XCConfigurationList;
			buildConfigurations = (
				14451E7729E9E4E600AA7D6A /* Debug */,
				14451E7829E9E4E600AA7D6A /* Release */,
			);
			defaultConfigurationIsVisible = 0;
			defaultConfigurationName = Release;
		};
		14451E7929E9E4E600AA7D6A /* Build configuration list for PBXNativeTarget "SwiftUIMapApp" */ = {
			isa = XCConfigurationList;
			buildConfigurations = (
				14451E7A29E9E4E600AA7D6A /* Debug */,
				14451E7B29E9E4E600AA7D6A /* Release */,
			);
			defaultConfigurationIsVisible = 0;
			defaultConfigurationName = Release;
		};
/* End XCConfigurationList section */
	};
	rootObject = 14451E6329E9E4E400AA7D6A /* Project object */;
}
